
Microsoft Visual Studio Solution File, Format Version 12.00
# Visual Studio Version 17
VisualStudioVersion = 17.7.34031.279
MinimumVisualStudioVersion = 10.0.40219.1
Project("{FAE04EC0-301F-11D3-BF4B-00C04F79EFBC}") = "MonoECS", "MonoECS.csproj", "{20CCBF50-41BC-40C6-B8CF-768D61B022DA}"
EndProject
Project("{FAE04EC0-301F-11D3-BF4B-00C04F79EFBC}") = "Example", "Example\Example.csproj", "{D85CB194-BB87-4607-9D12-5C2411F913F5}"
EndProject
Global
	GlobalSection(SolutionConfigurationPlatforms) = preSolution
		Debug|Any CPU = Debug|Any CPU
		Release|Any CPU = Release|Any CPU
	EndGlobalSection
	GlobalSection(ProjectConfigurationPlatforms) = postSolution
		{20CCBF50-41BC-40C6-B8CF-768D61B022DA}.Debug|Any CPU.ActiveCfg = Debug|Any CPU
		{20CCBF50-41BC-40C6-B8CF-768D61B022DA}.Debug|Any CPU.Build.0 = Debug|Any CPU
		{20CCBF50-41BC-40C6-B8CF-768D61B022DA}.Release|Any CPU.ActiveCfg = Release|Any CPU
		{20CCBF50-41BC-40C6-B8CF-768D61B022DA}.Release|Any CPU.Build.0 = Release|Any CPU
		{D85CB194-BB87-4607-9D12-5C2411F913F5}.Debug|Any CPU.ActiveCfg = Debug|Any CPU
		{D85CB194-BB87-4607-9D12-5C2411F913F5}.Debug|Any CPU.Build.0 = Debug|Any CPU
		{D85CB194-BB87-4607-9D12-5C2411F913F5}.Release|Any CPU.ActiveCfg = Release|Any CPU
		{D85CB194-BB87-4607-9D12-5C2411F913F5}.Release|Any CPU.Build.0 = Release|Any CPU
	EndGlobalSection
	GlobalSection(SolutionProperties) = preSolution
		HideSolutionNode = FALSE
	EndGlobalSection
	GlobalSection(ExtensibilityGlobals) = postSolution
		SolutionGuid = {11A7AE78-D700-49CB-B9EB-2D4770965122}
	EndGlobalSection
EndGlobal
